
Microsoft Visual Studio Solution File, Format Version 12.00
# Visual Studio Version 17
VisualStudioVersion = 17.14.36121.58 d17.14
MinimumVisualStudioVersion = 10.0.40219.1
Project("{FAE04EC0-301F-11D3-BF4B-00C04F79EFBC}") = "form5", "form5.csproj", "{F313BF9D-95D5-448D-91B4-FC4008F8106F}"
EndProject
Global
	GlobalSection(SolutionConfigurationPlatforms) = preSolution
		Debug|Any CPU = Debug|Any CPU
		Release|Any CPU = Release|Any CPU
	EndGlobalSection
	GlobalSection(ProjectConfigurationPlatforms) = postSolution
		{F313BF9D-95D5-448D-91B4-FC4008F8106F}.Debug|Any CPU.ActiveCfg = Debug|Any CPU
		{F313BF9D-95D5-448D-91B4-FC4008F8106F}.Debug|Any CPU.Build.0 = Debug|Any CPU
		{F313BF9D-95D5-448D-91B4-FC4008F8106F}.Release|Any CPU.ActiveCfg = Release|Any CPU
		{F313BF9D-95D5-448D-91B4-FC4008F8106F}.Release|Any CPU.Build.0 = Release|Any CPU
	EndGlobalSection
	GlobalSection(SolutionProperties) = preSolution
		HideSolutionNode = FALSE
	EndGlobalSection
	GlobalSection(ExtensibilityGlobals) = postSolution
		SolutionGuid = {B562855F-9121-4907-8599-508918242B4C}
	EndGlobalSection
EndGlobal
